{
  "name": "french-conjugation-trainer",
  "version": "1.0.0",
  "lockfileVersion": 3,
  "requires": true,
  "packages": {
    "": {
      "name": "french-conjugation-trainer",
      "version": "1.0.0",
      "license": "ISC",
      "dependencies": {
        "french-verbs": "^5.4.0",
        "french-verbs-lefff": "^3.4.0"
      }
    },
    "node_modules/french-contractions": {
      "version": "5.4.0",
      "resolved": "https://registry.npmjs.org/french-contractions/-/french-contractions-5.4.0.tgz",
      "integrity": "sha512-joMnWmU7t55Zaumc/9QBERtJneIRorlMPAM18HB2g2etFvygRU10fsXwrEKoHZTWaqcR0jazsCLaq3VlIPfg0w==",
      "deprecated": "Package no longer supported. Contact Support at https://www.npmjs.com/support for more info.",
      "license": "Apache-2.0",
      "funding": {
        "type": "patreon",
        "url": "https://www.patreon.com/ludan"
      }
    },
    "node_modules/french-verbs": {
      "version": "5.4.0",
      "resolved": "https://registry.npmjs.org/french-verbs/-/french-verbs-5.4.0.tgz",
      "integrity": "sha512-yPpqkBa9mOjGz60l4mDNdTahZzPklwGkokmHvSvJ+XyA0Xwx56owQJNsF3GRJyLvD3Du1sya3UQZp+pxk0jOeQ==",
      "deprecated": "Package no longer supported. Contact Support at https://www.npmjs.com/support for more info.",
      "license": "Apache-2.0",
      "dependencies": {
        "french-contractions": "5.4.0",
        "french-verbs-transitive": "3.4.0"
      },
      "funding": {
        "type": "patreon",
        "url": "https://www.patreon.com/ludan"
      }
    },
    "node_modules/french-verbs-lefff": {
      "version": "3.4.0",
      "resolved": "https://registry.npmjs.org/french-verbs-lefff/-/french-verbs-lefff-3.4.0.tgz",
      "integrity": "sha512-fHpP4sewTSJ4GYxKpIuUhJq/5F1x7Giyw3Tq4hxHumlNaAgF1Jz9T97AYsHo/LejDbTQaTGaX3jppkvIhgId0w==",
      "deprecated": "Package no longer supported. Contact Support at https://www.npmjs.com/support for more info.",
      "license": "Apache-2.0"
    },
    "node_modules/french-verbs-transitive": {
      "version": "3.4.0",
      "resolved": "https://registry.npmjs.org/french-verbs-transitive/-/french-verbs-transitive-3.4.0.tgz",
      "integrity": "sha512-1YxSv4taaFvB86saX3h6a9OYLfxr/WceNmseLhfNy8RZoh2FIO5KLn/zOA3erBP/CKLUfiZuaz2m2W11q5IVfQ==",
      "deprecated": "Package no longer supported. Contact Support at https://www.npmjs.com/support for more info.",
      "license": "Apache-2.0"
    }
  }
}
